
Microsoft Visual Studio Solution File, Format Version 12.00
# Visual Studio Version 17
VisualStudioVersion = 17.3.32825.248
MinimumVisualStudioVersion = 10.0.40219.1
Project("{FAE04EC0-301F-11D3-BF4B-00C04F79EFBC}") = "OnlineShop", "OnlineShop\OnlineShop.csproj", "{AFA5A997-99A5-443A-BA38-F77402E49065}"
EndProject
Global
	GlobalSection(SolutionConfigurationPlatforms) = preSolution
		Debug|Any CPU = Debug|Any CPU
		Release|Any CPU = Release|Any CPU
	EndGlobalSection
	GlobalSection(ProjectConfigurationPlatforms) = postSolution
		{AFA5A997-99A5-443A-BA38-F77402E49065}.Debug|Any CPU.ActiveCfg = Debug|Any CPU
		{AFA5A997-99A5-443A-BA38-F77402E49065}.Debug|Any CPU.Build.0 = Debug|Any CPU
		{AFA5A997-99A5-443A-BA38-F77402E49065}.Release|Any CPU.ActiveCfg = Release|Any CPU
		{AFA5A997-99A5-443A-BA38-F77402E49065}.Release|Any CPU.Build.0 = Release|Any CPU
	EndGlobalSection
	GlobalSection(SolutionProperties) = preSolution
		HideSolutionNode = FALSE
	EndGlobalSection
	GlobalSection(ExtensibilityGlobals) = postSolution
		SolutionGuid = {BF8C62E3-2874-4D44-B568-7388C21A4487}
	EndGlobalSection
EndGlobal
